
Microsoft Visual Studio Solution File, Format Version 12.00
# Visual Studio Version 16
VisualStudioVersion = 16.0.29403.142
MinimumVisualStudioVersion = 10.0.40219.1
Project("{FAE04EC0-301F-11D3-BF4B-00C04F79EFBC}") = "Virutal Machine", "Virutal Machine.csproj", "{85568F1B-3D33-4875-8980-97EDC94DE147}"
EndProject
Project("{FAE04EC0-301F-11D3-BF4B-00C04F79EFBC}") = "Compiler", "..\Compiler\Compiler\Compiler.csproj", "{16E5FC80-E089-4464-9071-BEB672A6D1AA}"
EndProject
Project("{FAE04EC0-301F-11D3-BF4B-00C04F79EFBC}") = "Assembler", "..\Assembler\Assembler.csproj", "{1AE67994-781B-4007-84EA-7EFC65A8D452}"
EndProject
Project("{FAE04EC0-301F-11D3-BF4B-00C04F79EFBC}") = "Micro Architecture", "..\Micro Architecture\Micro Architecture.csproj", "{3D2988F1-C8E4-42EB-84BD-C36346E7E255}"
EndProject
Project("{FAE04EC0-301F-11D3-BF4B-00C04F79EFBC}") = "THDL", "..\THDL\THDL.csproj", "{53D97AFF-3860-4A30-904E-564D3FB81D5F}"
EndProject
Project("{FAE04EC0-301F-11D3-BF4B-00C04F79EFBC}") = "VMUtils", "VMUtils\VMUtils.csproj", "{4955CBA3-B6C8-49C7-9B0E-15A0DE2F6AAC}"
EndProject
Project("{FAE04EC0-301F-11D3-BF4B-00C04F79EFBC}") = "Debugger", "..\Debugger\Debugger.csproj", "{64AAB844-0F23-4635-9BAF-D3F55D555C69}"
	ProjectSection(ProjectDependencies) = postProject
		{16E5FC80-E089-4464-9071-BEB672A6D1AA} = {16E5FC80-E089-4464-9071-BEB672A6D1AA}
		{1AE67994-781B-4007-84EA-7EFC65A8D452} = {1AE67994-781B-4007-84EA-7EFC65A8D452}
	EndProjectSection
EndProject
Project("{9A19103F-16F7-4668-BE54-9A1E7A4F7556}") = "EBNFParser", "..\EBNFParser\EBNFParser.csproj", "{C1954D08-FA74-415F-A1EC-694EAE9A6067}"
EndProject
Project("{9A19103F-16F7-4668-BE54-9A1E7A4F7556}") = "EBNFParserTests", "..\EBNFParserTests\EBNFParserTests.csproj", "{71405D31-CEC2-400F-84AE-F81EFE05D545}"
EndProject
Project("{F2A71F9B-5D33-465A-A702-920D77279786}") = "FunctionalCompiler", "..\FunctionalCompiler\FunctionalCompiler.fsproj", "{2CC9C99E-371D-4CE6-A651-EEB161446B3B}"
EndProject
Global
	GlobalSection(SolutionConfigurationPlatforms) = preSolution
		Debug|Any CPU = Debug|Any CPU
		Debug|x64 = Debug|x64
		Debug|x86 = Debug|x86
		Release|Any CPU = Release|Any CPU
		Release|x64 = Release|x64
		Release|x86 = Release|x86
	EndGlobalSection
	GlobalSection(ProjectConfigurationPlatforms) = postSolution
		{85568F1B-3D33-4875-8980-97EDC94DE147}.Debug|Any CPU.ActiveCfg = Debug|Any CPU
		{85568F1B-3D33-4875-8980-97EDC94DE147}.Debug|Any CPU.Build.0 = Debug|Any CPU
		{85568F1B-3D33-4875-8980-97EDC94DE147}.Debug|x64.ActiveCfg = Debug|Any CPU
		{85568F1B-3D33-4875-8980-97EDC94DE147}.Debug|x64.Build.0 = Debug|Any CPU
		{85568F1B-3D33-4875-8980-97EDC94DE147}.Debug|x86.ActiveCfg = Debug|Any CPU
		{85568F1B-3D33-4875-8980-97EDC94DE147}.Debug|x86.Build.0 = Debug|Any CPU
		{85568F1B-3D33-4875-8980-97EDC94DE147}.Release|Any CPU.ActiveCfg = Release|Any CPU
		{85568F1B-3D33-4875-8980-97EDC94DE147}.Release|Any CPU.Build.0 = Release|Any CPU
		{85568F1B-3D33-4875-8980-97EDC94DE147}.Release|x64.ActiveCfg = Release|Any CPU
		{85568F1B-3D33-4875-8980-97EDC94DE147}.Release|x64.Build.0 = Release|Any CPU
		{85568F1B-3D33-4875-8980-97EDC94DE147}.Release|x86.ActiveCfg = Release|Any CPU
		{85568F1B-3D33-4875-8980-97EDC94DE147}.Release|x86.Build.0 = Release|Any CPU
		{16E5FC80-E089-4464-9071-BEB672A6D1AA}.Debug|Any CPU.ActiveCfg = Debug|Any CPU
		{16E5FC80-E089-4464-9071-BEB672A6D1AA}.Debug|Any CPU.Build.0 = Debug|Any CPU
		{16E5FC80-E089-4464-9071-BEB672A6D1AA}.Debug|x64.ActiveCfg = Debug|Any CPU
		{16E5FC80-E089-4464-9071-BEB672A6D1AA}.Debug|x64.Build.0 = Debug|Any CPU
		{16E5FC80-E089-4464-9071-BEB672A6D1AA}.Debug|x86.ActiveCfg = Debug|Any CPU
		{16E5FC80-E089-4464-9071-BEB672A6D1AA}.Debug|x86.Build.0 = Debug|Any CPU
		{16E5FC80-E089-4464-9071-BEB672A6D1AA}.Release|Any CPU.ActiveCfg = Release|Any CPU
		{16E5FC80-E089-4464-9071-BEB672A6D1AA}.Release|Any CPU.Build.0 = Release|Any CPU
		{16E5FC80-E089-4464-9071-BEB672A6D1AA}.Release|x64.ActiveCfg = Release|Any CPU
		{16E5FC80-E089-4464-9071-BEB672A6D1AA}.Release|x64.Build.0 = Release|Any CPU
		{16E5FC80-E089-4464-9071-BEB672A6D1AA}.Release|x86.ActiveCfg = Release|Any CPU
		{16E5FC80-E089-4464-9071-BEB672A6D1AA}.Release|x86.Build.0 = Release|Any CPU
		{1AE67994-781B-4007-84EA-7EFC65A8D452}.Debug|Any CPU.ActiveCfg = Debug|Any CPU
		{1AE67994-781B-4007-84EA-7EFC65A8D452}.Debug|Any CPU.Build.0 = Debug|Any CPU
		{1AE67994-781B-4007-84EA-7EFC65A8D452}.Debug|x64.ActiveCfg = Debug|Any CPU
		{1AE67994-781B-4007-84EA-7EFC65A8D452}.Debug|x64.Build.0 = Debug|Any CPU
		{1AE67994-781B-4007-84EA-7EFC65A8D452}.Debug|x86.ActiveCfg = Debug|Any CPU
		{1AE67994-781B-4007-84EA-7EFC65A8D452}.Debug|x86.Build.0 = Debug|Any CPU
		{1AE67994-781B-4007-84EA-7EFC65A8D452}.Release|Any CPU.ActiveCfg = Release|Any CPU
		{1AE67994-781B-4007-84EA-7EFC65A8D452}.Release|Any CPU.Build.0 = Release|Any CPU
		{1AE67994-781B-4007-84EA-7EFC65A8D452}.Release|x64.ActiveCfg = Release|Any CPU
		{1AE67994-781B-4007-84EA-7EFC65A8D452}.Release|x64.Build.0 = Release|Any CPU
		{1AE67994-781B-4007-84EA-7EFC65A8D452}.Release|x86.ActiveCfg = Release|Any CPU
		{1AE67994-781B-4007-84EA-7EFC65A8D452}.Release|x86.Build.0 = Release|Any CPU
		{3D2988F1-C8E4-42EB-84BD-C36346E7E255}.Debug|Any CPU.ActiveCfg = Debug|Any CPU
		{3D2988F1-C8E4-42EB-84BD-C36346E7E255}.Debug|Any CPU.Build.0 = Debug|Any CPU
		{3D2988F1-C8E4-42EB-84BD-C36346E7E255}.Debug|x64.ActiveCfg = Debug|Any CPU
		{3D2988F1-C8E4-42EB-84BD-C36346E7E255}.Debug|x64.Build.0 = Debug|Any CPU
		{3D2988F1-C8E4-42EB-84BD-C36346E7E255}.Debug|x86.ActiveCfg = Debug|Any CPU
		{3D2988F1-C8E4-42EB-84BD-C36346E7E255}.Debug|x86.Build.0 = Debug|Any CPU
		{3D2988F1-C8E4-42EB-84BD-C36346E7E255}.Release|Any CPU.ActiveCfg = Release|Any CPU
		{3D2988F1-C8E4-42EB-84BD-C36346E7E255}.Release|Any CPU.Build.0 = Release|Any CPU
		{3D2988F1-C8E4-42EB-84BD-C36346E7E255}.Release|x64.ActiveCfg = Release|Any CPU
		{3D2988F1-C8E4-42EB-84BD-C36346E7E255}.Release|x64.Build.0 = Release|Any CPU
		{3D2988F1-C8E4-42EB-84BD-C36346E7E255}.Release|x86.ActiveCfg = Release|Any CPU
		{3D2988F1-C8E4-42EB-84BD-C36346E7E255}.Release|x86.Build.0 = Release|Any CPU
		{53D97AFF-3860-4A30-904E-564D3FB81D5F}.Debug|Any CPU.ActiveCfg = Debug|Any CPU
		{53D97AFF-3860-4A30-904E-564D3FB81D5F}.Debug|Any CPU.Build.0 = Debug|Any CPU
		{53D97AFF-3860-4A30-904E-564D3FB81D5F}.Debug|x64.ActiveCfg = Debug|Any CPU
		{53D97AFF-3860-4A30-904E-564D3FB81D5F}.Debug|x64.Build.0 = Debug|Any CPU
		{53D97AFF-3860-4A30-904E-564D3FB81D5F}.Debug|x86.ActiveCfg = Debug|Any CPU
		{53D97AFF-3860-4A30-904E-564D3FB81D5F}.Debug|x86.Build.0 = Debug|Any CPU
		{53D97AFF-3860-4A30-904E-564D3FB81D5F}.Release|Any CPU.ActiveCfg = Release|Any CPU
		{53D97AFF-3860-4A30-904E-564D3FB81D5F}.Release|Any CPU.Build.0 = Release|Any CPU
		{53D97AFF-3860-4A30-904E-564D3FB81D5F}.Release|x64.ActiveCfg = Release|Any CPU
		{53D97AFF-3860-4A30-904E-564D3FB81D5F}.Release|x64.Build.0 = Release|Any CPU
		{53D97AFF-3860-4A30-904E-564D3FB81D5F}.Release|x86.ActiveCfg = Release|Any CPU
		{53D97AFF-3860-4A30-904E-564D3FB81D5F}.Release|x86.Build.0 = Release|Any CPU
		{4955CBA3-B6C8-49C7-9B0E-15A0DE2F6AAC}.Debug|Any CPU.ActiveCfg = Debug|Any CPU
		{4955CBA3-B6C8-49C7-9B0E-15A0DE2F6AAC}.Debug|Any CPU.Build.0 = Debug|Any CPU
		{4955CBA3-B6C8-49C7-9B0E-15A0DE2F6AAC}.Debug|x64.ActiveCfg = Debug|Any CPU
		{4955CBA3-B6C8-49C7-9B0E-15A0DE2F6AAC}.Debug|x64.Build.0 = Debug|Any CPU
		{4955CBA3-B6C8-49C7-9B0E-15A0DE2F6AAC}.Debug|x86.ActiveCfg = Debug|Any CPU
		{4955CBA3-B6C8-49C7-9B0E-15A0DE2F6AAC}.Debug|x86.Build.0 = Debug|Any CPU
		{4955CBA3-B6C8-49C7-9B0E-15A0DE2F6AAC}.Release|Any CPU.ActiveCfg = Release|Any CPU
		{4955CBA3-B6C8-49C7-9B0E-15A0DE2F6AAC}.Release|Any CPU.Build.0 = Release|Any CPU
		{4955CBA3-B6C8-49C7-9B0E-15A0DE2F6AAC}.Release|x64.ActiveCfg = Release|Any CPU
		{4955CBA3-B6C8-49C7-9B0E-15A0DE2F6AAC}.Release|x64.Build.0 = Release|Any CPU
		{4955CBA3-B6C8-49C7-9B0E-15A0DE2F6AAC}.Release|x86.ActiveCfg = Release|Any CPU
		{4955CBA3-B6C8-49C7-9B0E-15A0DE2F6AAC}.Release|x86.Build.0 = Release|Any CPU
		{64AAB844-0F23-4635-9BAF-D3F55D555C69}.Debug|Any CPU.ActiveCfg = Debug|Any CPU
		{64AAB844-0F23-4635-9BAF-D3F55D555C69}.Debug|Any CPU.Build.0 = Debug|Any CPU
		{64AAB844-0F23-4635-9BAF-D3F55D555C69}.Debug|x64.ActiveCfg = Debug|Any CPU
		{64AAB844-0F23-4635-9BAF-D3F55D555C69}.Debug|x64.Build.0 = Debug|Any CPU
		{64AAB844-0F23-4635-9BAF-D3F55D555C69}.Debug|x86.ActiveCfg = Debug|Any CPU
		{64AAB844-0F23-4635-9BAF-D3F55D555C69}.Debug|x86.Build.0 = Debug|Any CPU
		{64AAB844-0F23-4635-9BAF-D3F55D555C69}.Release|Any CPU.ActiveCfg = Release|Any CPU
		{64AAB844-0F23-4635-9BAF-D3F55D555C69}.Release|Any CPU.Build.0 = Release|Any CPU
		{64AAB844-0F23-4635-9BAF-D3F55D555C69}.Release|x64.ActiveCfg = Release|Any CPU
		{64AAB844-0F23-4635-9BAF-D3F55D555C69}.Release|x64.Build.0 = Release|Any CPU
		{64AAB844-0F23-4635-9BAF-D3F55D555C69}.Release|x86.ActiveCfg = Release|Any CPU
		{64AAB844-0F23-4635-9BAF-D3F55D555C69}.Release|x86.Build.0 = Release|Any CPU
		{C1954D08-FA74-415F-A1EC-694EAE9A6067}.Debug|Any CPU.ActiveCfg = Debug|Any CPU
		{C1954D08-FA74-415F-A1EC-694EAE9A6067}.Debug|Any CPU.Build.0 = Debug|Any CPU
		{C1954D08-FA74-415F-A1EC-694EAE9A6067}.Debug|x64.ActiveCfg = Debug|Any CPU
		{C1954D08-FA74-415F-A1EC-694EAE9A6067}.Debug|x64.Build.0 = Debug|Any CPU
		{C1954D08-FA74-415F-A1EC-694EAE9A6067}.Debug|x86.ActiveCfg = Debug|Any CPU
		{C1954D08-FA74-415F-A1EC-694EAE9A6067}.Debug|x86.Build.0 = Debug|Any CPU
		{C1954D08-FA74-415F-A1EC-694EAE9A6067}.Release|Any CPU.ActiveCfg = Release|Any CPU
		{C1954D08-FA74-415F-A1EC-694EAE9A6067}.Release|Any CPU.Build.0 = Release|Any CPU
		{C1954D08-FA74-415F-A1EC-694EAE9A6067}.Release|x64.ActiveCfg = Release|Any CPU
		{C1954D08-FA74-415F-A1EC-694EAE9A6067}.Release|x64.Build.0 = Release|Any CPU
		{C1954D08-FA74-415F-A1EC-694EAE9A6067}.Release|x86.ActiveCfg = Release|Any CPU
		{C1954D08-FA74-415F-A1EC-694EAE9A6067}.Release|x86.Build.0 = Release|Any CPU
		{71405D31-CEC2-400F-84AE-F81EFE05D545}.Debug|Any CPU.ActiveCfg = Debug|Any CPU
		{71405D31-CEC2-400F-84AE-F81EFE05D545}.Debug|Any CPU.Build.0 = Debug|Any CPU
		{71405D31-CEC2-400F-84AE-F81EFE05D545}.Debug|x64.ActiveCfg = Debug|Any CPU
		{71405D31-CEC2-400F-84AE-F81EFE05D545}.Debug|x64.Build.0 = Debug|Any CPU
		{71405D31-CEC2-400F-84AE-F81EFE05D545}.Debug|x86.ActiveCfg = Debug|Any CPU
		{71405D31-CEC2-400F-84AE-F81EFE05D545}.Debug|x86.Build.0 = Debug|Any CPU
		{71405D31-CEC2-400F-84AE-F81EFE05D545}.Release|Any CPU.ActiveCfg = Release|Any CPU
		{71405D31-CEC2-400F-84AE-F81EFE05D545}.Release|Any CPU.Build.0 = Release|Any CPU
		{71405D31-CEC2-400F-84AE-F81EFE05D545}.Release|x64.ActiveCfg = Release|Any CPU
		{71405D31-CEC2-400F-84AE-F81EFE05D545}.Release|x64.Build.0 = Release|Any CPU
		{71405D31-CEC2-400F-84AE-F81EFE05D545}.Release|x86.ActiveCfg = Release|Any CPU
		{71405D31-CEC2-400F-84AE-F81EFE05D545}.Release|x86.Build.0 = Release|Any CPU
		{2CC9C99E-371D-4CE6-A651-EEB161446B3B}.Debug|Any CPU.ActiveCfg = Debug|Any CPU
		{2CC9C99E-371D-4CE6-A651-EEB161446B3B}.Debug|Any CPU.Build.0 = Debug|Any CPU
		{2CC9C99E-371D-4CE6-A651-EEB161446B3B}.Debug|x64.ActiveCfg = Debug|Any CPU
		{2CC9C99E-371D-4CE6-A651-EEB161446B3B}.Debug|x64.Build.0 = Debug|Any CPU
		{2CC9C99E-371D-4CE6-A651-EEB161446B3B}.Debug|x86.ActiveCfg = Debug|Any CPU
		{2CC9C99E-371D-4CE6-A651-EEB161446B3B}.Debug|x86.Build.0 = Debug|Any CPU
		{2CC9C99E-371D-4CE6-A651-EEB161446B3B}.Release|Any CPU.ActiveCfg = Release|Any CPU
		{2CC9C99E-371D-4CE6-A651-EEB161446B3B}.Release|Any CPU.Build.0 = Release|Any CPU
		{2CC9C99E-371D-4CE6-A651-EEB161446B3B}.Release|x64.ActiveCfg = Release|Any CPU
		{2CC9C99E-371D-4CE6-A651-EEB161446B3B}.Release|x64.Build.0 = Release|Any CPU
		{2CC9C99E-371D-4CE6-A651-EEB161446B3B}.Release|x86.ActiveCfg = Release|Any CPU
		{2CC9C99E-371D-4CE6-A651-EEB161446B3B}.Release|x86.Build.0 = Release|Any CPU
	EndGlobalSection
	GlobalSection(SolutionProperties) = preSolution
		HideSolutionNode = FALSE
	EndGlobalSection
	GlobalSection(ExtensibilityGlobals) = postSolution
		SolutionGuid = {33C722A3-4DF4-44BB-9D49-BEC1A3116423}
	EndGlobalSection
EndGlobal
